{
  "version": 4,
  "terraform_version": "0.15.4",
  "serial": 12,
  "lineage": "ebc7b9f5-2fb2-fa08-eb5d-640bb794ab54",
  "outputs": {
    "website_hostname": {
      "value": "my-appsyc-9999.azurewebsites.net",
      "type": "string"
    }
  },
  "resources": [
    {
      "mode": "managed",
      "type": "azurerm_app_service",
      "name": "my",
      "provider": "provider[\"registry.terraform.io/hashicorp/azurerm\"]",
      "instances": [
        {
          "schema_version": 0,
          "attributes": {
            "app_service_plan_id": "/subscriptions/4c5fac36-f98e-45fb-97ab-550a4a0571c6/resourceGroups/rg-tf-testing/providers/Microsoft.Web/serverfarms/my-asp",
            "app_settings": {
              "SOME_KEY": "some-value"
            },
            "auth_settings": [
              {
                "active_directory": [],
                "additional_login_params": {},
                "allowed_external_redirect_urls": [],
                "default_provider": "",
                "enabled": false,
                "facebook": [],
                "google": [],
                "issuer": "",
                "microsoft": [],
                "runtime_version": "",
                "token_refresh_extension_hours": 0,
                "token_store_enabled": false,
                "twitter": [],
                "unauthenticated_client_action": ""
              }
            ],
            "backup": [],
            "client_affinity_enabled": false,
            "client_cert_enabled": false,
            "connection_string": [
              {
                "name": "Database",
                "type": "SQLServer",
                "value": "Server=some-server.mydomain.com;Integrated Security=SSPI"
              }
            ],
            "custom_domain_verification_id": "ED09BB37D8C4F8776AF6D70AE93690A803761A7DAFA39AE57AB736C83B67D9F8",
            "default_site_hostname": "my-appsyc-9999.azurewebsites.net",
            "enabled": true,
            "https_only": false,
            "id": "/subscriptions/4c5fac36-f98e-45fb-97ab-550a4a0571c6/resourceGroups/rg-tf-testing/providers/Microsoft.Web/sites/my-appsyc-9999",
            "identity": [],
            "location": "westus",
            "logs": [
              {
                "application_logs": [
                  {
                    "azure_blob_storage": [],
                    "file_system_level": "Off"
                  }
                ],
                "detailed_error_messages_enabled": false,
                "failed_request_tracing_enabled": false,
                "http_logs": [
                  {
                    "azure_blob_storage": [],
                    "file_system": []
                  }
                ]
              }
            ],
            "name": "my-appsyc-9999",
            "outbound_ip_address_list": [
              "52.234.109.88",
              "52.234.109.105",
              "52.234.109.202",
              "52.234.109.249",
              "52.234.109.250",
              "52.234.109.252",
              "40.82.255.134"
            ],
            "outbound_ip_addresses": "52.234.109.88,52.234.109.105,52.234.109.202,52.234.109.249,52.234.109.250,52.234.109.252,40.82.255.134",
            "possible_outbound_ip_address_list": [
              "52.234.109.88",
              "52.234.109.105",
              "52.234.109.202",
              "52.234.109.249",
              "52.234.109.250",
              "52.234.109.252",
              "52.234.109.254",
              "52.234.110.2",
              "52.234.110.4",
              "52.234.110.9",
              "52.234.110.15",
              "52.234.110.23",
              "52.234.110.73",
              "52.234.110.85",
              "52.234.110.113",
              "52.234.110.118",
              "52.234.110.151",
              "52.234.111.19",
              "40.82.255.134"
            ],
            "possible_outbound_ip_addresses": "52.234.109.88,52.234.109.105,52.234.109.202,52.234.109.249,52.234.109.250,52.234.109.252,52.234.109.254,52.234.110.2,52.234.110.4,52.234.110.9,52.234.110.15,52.234.110.23,52.234.110.73,52.234.110.85,52.234.110.113,52.234.110.118,52.234.110.151,52.234.111.19,40.82.255.134",
            "resource_group_name": "rg-tf-testing",
            "site_config": [
              {
                "always_on": false,
                "app_command_line": "",
                "auto_swap_slot_name": "",
                "cors": [
                  {
                    "allowed_origins": [],
                    "support_credentials": false
                  }
                ],
                "default_documents": null,
                "dotnet_framework_version": "v4.0",
                "ftps_state": "AllAllowed",
                "health_check_path": "",
                "http2_enabled": false,
                "ip_restriction": [],
                "java_container": "",
                "java_container_version": "",
                "java_version": "",
                "linux_fx_version": "",
                "local_mysql_enabled": false,
                "managed_pipeline_mode": "Integrated",
                "min_tls_version": "1.2",
                "number_of_workers": 1,
                "php_version": "",
                "python_version": "",
                "remote_debugging_enabled": false,
                "remote_debugging_version": "VS2019",
                "scm_ip_restriction": [],
                "scm_type": "LocalGit",
                "scm_use_main_ip_restriction": false,
                "use_32_bit_worker_process": false,
                "websockets_enabled": false,
                "windows_fx_version": ""
              }
            ],
            "site_credential": [
              {
                "password": "e18e6GXGow8FhdwhdxsMyooMPrYwhJd3TvBbYDn6XcyjwapLR2ld200chbxn",
                "username": "$my-appsyc-9999"
              }
            ],
            "source_control": [
              {
                "branch": "master",
                "manual_integration": false,
                "repo_url": "https://my-appsyc-9999.scm.azurewebsites.net",
                "rollback_enabled": false,
                "use_mercurial": false
              }
            ],
            "storage_account": [],
            "tags": null,
            "timeouts": null
          },
          "sensitive_attributes": [],
          "private": "eyJlMmJmYjczMC1lY2FhLTExZTYtOGY4OC0zNDM2M2JjN2M0YzAiOnsiY3JlYXRlIjoxODAwMDAwMDAwMDAwLCJkZWxldGUiOjE4MDAwMDAwMDAwMDAsInJlYWQiOjMwMDAwMDAwMDAwMCwidXBkYXRlIjoxODAwMDAwMDAwMDAwfX0=",
          "dependencies": [
            "azurerm_app_service_plan.my",
            "azurerm_resource_group.my"
          ]
        }
      ]
    },
    {
      "mode": "managed",
      "type": "azurerm_app_service_plan",
      "name": "my",
      "provider": "provider[\"registry.terraform.io/hashicorp/azurerm\"]",
      "instances": [
        {
          "schema_version": 0,
          "attributes": {
            "app_service_environment_id": "",
            "id": "/subscriptions/4c5fac36-f98e-45fb-97ab-550a4a0571c6/resourceGroups/rg-tf-testing/providers/Microsoft.Web/serverfarms/my-asp",
            "is_xenon": false,
            "kind": "linux",
            "location": "westus",
            "maximum_elastic_worker_count": 1,
            "maximum_number_of_workers": 3,
            "name": "my-asp",
            "per_site_scaling": false,
            "reserved": true,
            "resource_group_name": "rg-tf-testing",
            "sku": [
              {
                "capacity": 1,
                "size": "B1",
                "tier": "Basic"
              }
            ],
            "tags": null,
            "timeouts": null
          },
          "sensitive_attributes": [],
          "private": "eyJlMmJmYjczMC1lY2FhLTExZTYtOGY4OC0zNDM2M2JjN2M0YzAiOnsiY3JlYXRlIjozNjAwMDAwMDAwMDAwLCJkZWxldGUiOjM2MDAwMDAwMDAwMDAsInJlYWQiOjMwMDAwMDAwMDAwMCwidXBkYXRlIjozNjAwMDAwMDAwMDAwfX0=",
          "dependencies": [
            "azurerm_resource_group.my"
          ]
        }
      ]
    },
    {
      "mode": "managed",
      "type": "azurerm_resource_group",
      "name": "my",
      "provider": "provider[\"registry.terraform.io/hashicorp/azurerm\"]",
      "instances": [
        {
          "schema_version": 0,
          "attributes": {
            "id": "/subscriptions/4c5fac36-f98e-45fb-97ab-550a4a0571c6/resourceGroups/rg-tf-testing",
            "location": "westus",
            "name": "rg-tf-testing",
            "tags": null,
            "timeouts": null
          },
          "sensitive_attributes": [],
          "private": "eyJlMmJmYjczMC1lY2FhLTExZTYtOGY4OC0zNDM2M2JjN2M0YzAiOnsiY3JlYXRlIjo1NDAwMDAwMDAwMDAwLCJkZWxldGUiOjU0MDAwMDAwMDAwMDAsInJlYWQiOjMwMDAwMDAwMDAwMCwidXBkYXRlIjo1NDAwMDAwMDAwMDAwfX0="
        }
      ]
    }
  ]
}
